{
  "nodes": {
    "flake-parts": {
      "inputs": {
        "nixpkgs-lib": [
          "neovim",
          "nixpkgs"
        ]
      },
      "locked": {
        "lastModified": 1763759067,
        "narHash": "sha256-LlLt2Jo/gMNYAwOgdRQBrsRoOz7BPRkzvNaI/fzXi2Q=",
        "owner": "hercules-ci",
        "repo": "flake-parts",
        "rev": "2cccadc7357c0ba201788ae99c4dfa90728ef5e0",
        "type": "github"
      },
      "original": {
        "owner": "hercules-ci",
        "repo": "flake-parts",
        "type": "github"
      }
    },
    "git-oil": {
      "flake": false,
      "locked": {
        "lastModified": 1768673690,
        "narHash": "sha256-pMK1yf+gE/AplB+kyn/cVaMTYEab52vtOgPeKi0GJAo=",
        "owner": "spreadprism",
        "repo": "git-oil.nvim",
        "rev": "81d9c4e93a0e28eeab6ae29a3130615fd2944a73",
        "type": "github"
      },
      "original": {
        "owner": "spreadprism",
        "repo": "git-oil.nvim",
        "type": "github"
      }
    },
    "gitsigns": {
      "flake": false,
      "locked": {
        "lastModified": 1768948049,
        "narHash": "sha256-J9BvYVydeeoBj5Op+jGcI+i3IppdpoZ9jHbod0X1JFo=",
        "owner": "lewis6991",
        "repo": "gitsigns.nvim",
        "rev": "abf82a65f185bd54adc0679f74b7d6e1ada690c9",
        "type": "github"
      },
      "original": {
        "owner": "lewis6991",
        "repo": "gitsigns.nvim",
        "type": "github"
      }
    },
    "heirline": {
      "flake": false,
      "locked": {
        "lastModified": 1747961315,
        "narHash": "sha256-kHoaeULWI+NrLp0am0DSKRKeA1vZIg4pt5NxZuFUDvY=",
        "owner": "rebelot",
        "repo": "heirline.nvim",
        "rev": "fae936abb5e0345b85c3a03ecf38525b0828b992",
        "type": "github"
      },
      "original": {
        "owner": "rebelot",
        "repo": "heirline.nvim",
        "type": "github"
      }
    },
    "heirline-components": {
      "flake": false,
      "locked": {
        "lastModified": 1763396340,
        "narHash": "sha256-1HwAQ8TRVHMGz92Nta3948RrN0hIuRFIBk5lVpAHy+s=",
        "owner": "Zeioth",
        "repo": "heirline-components.nvim",
        "rev": "65ff6844a6d911bd8977a106b761649d7df9a5e1",
        "type": "github"
      },
      "original": {
        "owner": "Zeioth",
        "repo": "heirline-components.nvim",
        "type": "github"
      }
    },
    "lazydev": {
      "flake": false,
      "locked": {
        "lastModified": 1762423570,
        "narHash": "sha256-1g1PLFR3bc++NimbrRpoOMZyqYWHeX6pDoxsiuoJHus=",
        "owner": "folke",
        "repo": "lazydev.nvim",
        "rev": "5231c62aa83c2f8dc8e7ba957aa77098cda1257d",
        "type": "github"
      },
      "original": {
        "owner": "folke",
        "repo": "lazydev.nvim",
        "type": "github"
      }
    },
    "lspconfig": {
      "flake": false,
      "locked": {
        "lastModified": 1769722634,
        "narHash": "sha256-zpBf8EEax+3Cy49ZjO0//pvtGJjnGFIu1AHyl1tL4d4=",
        "owner": "neovim",
        "repo": "nvim-lspconfig",
        "rev": "79c9a15be5731bc8694840a8fb0c9141c20a80c0",
        "type": "github"
      },
      "original": {
        "owner": "neovim",
        "repo": "nvim-lspconfig",
        "type": "github"
      }
    },
    "mini_diff": {
      "flake": false,
      "locked": {
        "lastModified": 1767024095,
        "narHash": "sha256-Sfc6yat/L0C+vGcavQ9gbL8/3TpWif/f++OtEjBXcuE=",
        "owner": "echasnovski",
        "repo": "mini.diff",
        "rev": "6010e588e9ed14724880f244d7fa3df8f0be3f46",
        "type": "github"
      },
      "original": {
        "owner": "echasnovski",
        "repo": "mini.diff",
        "type": "github"
      }
    },
    "neogit": {
      "flake": false,
      "locked": {
        "lastModified": 1769255787,
        "narHash": "sha256-tvIJEHv/R8I1W3FBAwZHmn92JgiibqQtR75V9wQFSsE=",
        "owner": "NeogitOrg",
        "repo": "neogit",
        "rev": "73870229977fdd8747025820e15e98cfde787b9c",
        "type": "github"
      },
      "original": {
        "owner": "NeogitOrg",
        "repo": "neogit",
        "type": "github"
      }
    },
    "neovim": {
      "inputs": {
        "flake-parts": "flake-parts",
        "neovim-src": "neovim-src",
        "nixpkgs": [
          "nixpkgs-unstable"
        ]
      },
      "locked": {
        "lastModified": 1765325056,
        "narHash": "sha256-CyJhdoAyToF6Uv3oGicXloHoQjcq7b56i42AepBSEJ0=",
        "owner": "nix-community",
        "repo": "neovim-nightly-overlay",
        "rev": "ac9bde3d5fcec88383a16a63dc1bdb1702f7233e",
        "type": "github"
      },
      "original": {
        "owner": "nix-community",
        "repo": "neovim-nightly-overlay",
        "type": "github"
      }
    },
    "neovim-src": {
      "flake": false,
      "locked": {
        "lastModified": 1765306746,
        "narHash": "sha256-xOCKI2adwCfZmhnKoA+tUIOXRu+g5S02erNVP7X47J0=",
        "owner": "neovim",
        "repo": "neovim",
        "rev": "bc0635a9fc9c15a2423d4eb35f627d127d00fa46",
        "type": "github"
      },
      "original": {
        "owner": "neovim",
        "repo": "neovim",
        "type": "github"
      }
    },
    "nixCats": {
      "locked": {
        "lastModified": 1764009888,
        "narHash": "sha256-hJekfTiW1792txgRSM4LcHnz1lDSY87LYbsJEn2V378=",
        "owner": "BirdeeHub",
        "repo": "nixCats-nvim",
        "rev": "16ac3281f322ea15d39843829e42a44d22da3715",
        "type": "github"
      },
      "original": {
        "owner": "BirdeeHub",
        "repo": "nixCats-nvim",
        "type": "github"
      }
    },
    "nixpkgs": {
      "locked": {
        "lastModified": 1764939437,
        "narHash": "sha256-4TLFHUwXraw9Df5mXC/vCrJgb50CRr3CzUzF0Mn3CII=",
        "owner": "nixos",
        "repo": "nixpkgs",
        "rev": "00d2457e2f608b4be6fe8b470b0a36816324b0ae",
        "type": "github"
      },
      "original": {
        "owner": "nixos",
        "ref": "nixos-25.05",
        "repo": "nixpkgs",
        "type": "github"
      }
    },
    "nixpkgs-unstable": {
      "locked": {
        "lastModified": 1765270179,
        "narHash": "sha256-g2a4MhRKu4ymR4xwo+I+auTknXt/+j37Lnf0Mvfl1rE=",
        "owner": "nixos",
        "repo": "nixpkgs",
        "rev": "677fbe97984e7af3175b6c121f3c39ee5c8d62c9",
        "type": "github"
      },
      "original": {
        "owner": "nixos",
        "ref": "nixpkgs-unstable",
        "repo": "nixpkgs",
        "type": "github"
      }
    },
    "noice": {
      "flake": false,
      "locked": {
        "lastModified": 1762187624,
        "narHash": "sha256-FKzhFVmPxshDV4mWpD3LofjRpd6pXesf9QQei1s5rAo=",
        "owner": "folke",
        "repo": "noice.nvim",
        "rev": "7bfd942445fb63089b59f97ca487d605e715f155",
        "type": "github"
      },
      "original": {
        "owner": "folke",
        "repo": "noice.nvim",
        "type": "github"
      }
    },
    "nui": {
      "flake": false,
      "locked": {
        "lastModified": 1749392788,
        "narHash": "sha256-41slmnvt1z7sCxvpiVuFmQ9g7eCaxQi1dDCL3AxSL1A=",
        "owner": "MunifTanjim",
        "repo": "nui.nvim",
        "rev": "de740991c12411b663994b2860f1a4fd0937c130",
        "type": "github"
      },
      "original": {
        "owner": "MunifTanjim",
        "repo": "nui.nvim",
        "type": "github"
      }
    },
    "nvim-web-devicons": {
      "flake": false,
      "locked": {
        "lastModified": 1768089403,
        "narHash": "sha256-x1ujwUXnRolP9SRUD7/Pb4/AZu+3YpC6CfGuq3Bn6Ew=",
        "owner": "nvim-tree",
        "repo": "nvim-web-devicons",
        "rev": "803353450c374192393f5387b6a0176d0972b848",
        "type": "github"
      },
      "original": {
        "owner": "nvim-tree",
        "repo": "nvim-web-devicons",
        "type": "github"
      }
    },
    "oil": {
      "flake": false,
      "locked": {
        "lastModified": 1768626079,
        "narHash": "sha256-eMruZSMi72A74LqtSsyJSI3WY595aKO9n2XxJ3Du/9Y=",
        "owner": "stevearc",
        "repo": "oil.nvim",
        "rev": "f55b25e493a7df76371cfadd0ded5004cb9cd48a",
        "type": "github"
      },
      "original": {
        "owner": "stevearc",
        "repo": "oil.nvim",
        "type": "github"
      }
    },
    "oil-vcs": {
      "flake": false,
      "locked": {
        "lastModified": 1769271080,
        "narHash": "sha256-G0JhXkhmNtkJ80rvhx7cMDAVs6fBmO/BiyOHhZ6bCIw=",
        "owner": "spreadprism",
        "repo": "oil-vcs",
        "rev": "29f1adfa302806aabad1a0d096a0a58717da5611",
        "type": "github"
      },
      "original": {
        "owner": "spreadprism",
        "repo": "oil-vcs",
        "type": "github"
      }
    },
    "plugins": {
      "inputs": {
        "git-oil": "git-oil",
        "gitsigns": "gitsigns",
        "heirline": "heirline",
        "heirline-components": "heirline-components",
        "lazydev": "lazydev",
        "lspconfig": "lspconfig",
        "mini_diff": "mini_diff",
        "neogit": "neogit",
        "nixpkgs": [
          "nixpkgs-unstable"
        ],
        "noice": "noice",
        "nui": "nui",
        "nvim-web-devicons": "nvim-web-devicons",
        "oil": "oil",
        "oil-vcs": "oil-vcs",
        "snacks": "snacks",
        "tmux-navigation": "tmux-navigation",
        "tokyonight": "tokyonight",
        "which-key": "which-key"
      },
      "locked": {
        "path": "nix/plugins",
        "type": "path"
      },
      "original": {
        "path": "nix/plugins",
        "type": "path"
      },
      "parent": []
    },
    "root": {
      "inputs": {
        "neovim": "neovim",
        "nixCats": "nixCats",
        "nixpkgs": "nixpkgs",
        "nixpkgs-unstable": "nixpkgs-unstable",
        "plugins": "plugins"
      }
    },
    "snacks": {
      "flake": false,
      "locked": {
        "lastModified": 1763464072,
        "narHash": "sha256-vRedYg29QGPGW0hOX9qbRSIImh1d/SoDZHImDF2oqKM=",
        "owner": "folke",
        "repo": "snacks.nvim",
        "rev": "fe7cfe9800a182274d0f868a74b7263b8c0c020b",
        "type": "github"
      },
      "original": {
        "owner": "folke",
        "repo": "snacks.nvim",
        "type": "github"
      }
    },
    "tmux-navigation": {
      "flake": false,
      "locked": {
        "lastModified": 1752544267,
        "narHash": "sha256-IEPnr/GdsAnHzdTjFnXCuMyoNLm3/Jz4cBAM0AJBrj8=",
        "owner": "christoomey",
        "repo": "vim-tmux-navigator",
        "rev": "c45243dc1f32ac6bcf6068e5300f3b2b237e576a",
        "type": "github"
      },
      "original": {
        "owner": "christoomey",
        "repo": "vim-tmux-navigator",
        "type": "github"
      }
    },
    "tokyonight": {
      "flake": false,
      "locked": {
        "lastModified": 1762332530,
        "narHash": "sha256-4zfkv3egdWJ/GCWUehV0MAIXxsrGT82Wd1Qqj1SCGOk=",
        "owner": "folke",
        "repo": "tokyonight.nvim",
        "rev": "5da1b76e64daf4c5d410f06bcb6b9cb640da7dfd",
        "type": "github"
      },
      "original": {
        "owner": "folke",
        "repo": "tokyonight.nvim",
        "type": "github"
      }
    },
    "which-key": {
      "flake": false,
      "locked": {
        "lastModified": 1761664528,
        "narHash": "sha256-rKaYnXM4gRkkF/+xIFm2oCZwtAU6CeTdRWU93N+Jmbc=",
        "owner": "folke",
        "repo": "which-key.nvim",
        "rev": "3aab2147e74890957785941f0c1ad87d0a44c15a",
        "type": "github"
      },
      "original": {
        "owner": "folke",
        "repo": "which-key.nvim",
        "type": "github"
      }
    }
  },
  "root": "root",
  "version": 7
}
