{
  "nodes": {
    "blame": {
      "flake": false,
      "locked": {
        "lastModified": 1761041286,
        "narHash": "sha256-CY768BvqU8zJ2qZKVC9s1lLctBzam1GeZD7UnD7nBBc=",
        "owner": "FabijanZulj",
        "repo": "blame.nvim",
        "rev": "f3f6153ea94e1120f2776f22bbbd63c4aeebaf32",
        "type": "github"
      },
      "original": {
        "owner": "FabijanZulj",
        "repo": "blame.nvim",
        "type": "github"
      }
    },
    "blink-cmp-conventional-commits": {
      "flake": false,
      "locked": {
        "lastModified": 1770235108,
        "narHash": "sha256-nbulCccWnugVodwm6C7Xlf9D/0cpKEBL3tmnH3S15WY=",
        "owner": "disrupted",
        "repo": "blink-cmp-conventional-commits",
        "rev": "faa45344aab97aa33ece53938c4c3379760e61bd",
        "type": "github"
      },
      "original": {
        "owner": "disrupted",
        "repo": "blink-cmp-conventional-commits",
        "type": "github"
      }
    },
    "blink-cmp-git": {
      "flake": false,
      "locked": {
        "lastModified": 1759993721,
        "narHash": "sha256-zGXFZdID1ej8T1Knp4RpfJQ1uocw2GbOQEJbti6Pkhk=",
        "owner": "Kaiser-Yang",
        "repo": "blink-cmp-git",
        "rev": "e3ad0ffaaa3b3b7e2158cc72cd6dad2d19842c46",
        "type": "github"
      },
      "original": {
        "owner": "Kaiser-Yang",
        "repo": "blink-cmp-git",
        "type": "github"
      }
    },
    "blink-compat": {
      "flake": false,
      "locked": {
        "lastModified": 1748464440,
        "narHash": "sha256-EMQC+2hjgAGYcBoSKkR5LV7jUsl3Oi8rL3K7FNIHXIw=",
        "owner": "saghen",
        "repo": "blink.compat",
        "rev": "1454f14a8d855a578ceeba77c62538fa1459a67c",
        "type": "github"
      },
      "original": {
        "owner": "saghen",
        "repo": "blink.compat",
        "type": "github"
      }
    },
    "conform": {
      "flake": false,
      "locked": {
        "lastModified": 1768760646,
        "narHash": "sha256-M2mGNF8iARiQ6MzIFSSE/2BRDSj1+XEP/C44dwg8MQ8=",
        "owner": "stevearc",
        "repo": "conform.nvim",
        "rev": "c2526f1cde528a66e086ab1668e996d162c75f4f",
        "type": "github"
      },
      "original": {
        "owner": "stevearc",
        "repo": "conform.nvim",
        "type": "github"
      }
    },
    "flake-parts": {
      "inputs": {
        "nixpkgs-lib": [
          "neovim",
          "nixpkgs"
        ]
      },
      "locked": {
        "lastModified": 1769996383,
        "narHash": "sha256-AnYjnFWgS49RlqX7LrC4uA+sCCDBj0Ry/WOJ5XWAsa0=",
        "owner": "hercules-ci",
        "repo": "flake-parts",
        "rev": "57928607ea566b5db3ad13af0e57e921e6b12381",
        "type": "github"
      },
      "original": {
        "owner": "hercules-ci",
        "repo": "flake-parts",
        "type": "github"
      }
    },
    "gitsigns": {
      "flake": false,
      "locked": {
        "lastModified": 1770198234,
        "narHash": "sha256-O19lGIz+KSEpiKDRercANcqpJgxzfQWCNsyU9his5qg=",
        "owner": "lewis6991",
        "repo": "gitsigns.nvim",
        "rev": "1ce96a464fdbc24208e24c117e2021794259005d",
        "type": "github"
      },
      "original": {
        "owner": "lewis6991",
        "repo": "gitsigns.nvim",
        "type": "github"
      }
    },
    "heirline": {
      "flake": false,
      "locked": {
        "lastModified": 1747961315,
        "narHash": "sha256-kHoaeULWI+NrLp0am0DSKRKeA1vZIg4pt5NxZuFUDvY=",
        "owner": "rebelot",
        "repo": "heirline.nvim",
        "rev": "fae936abb5e0345b85c3a03ecf38525b0828b992",
        "type": "github"
      },
      "original": {
        "owner": "rebelot",
        "repo": "heirline.nvim",
        "type": "github"
      }
    },
    "heirline-components": {
      "flake": false,
      "locked": {
        "lastModified": 1763396340,
        "narHash": "sha256-1HwAQ8TRVHMGz92Nta3948RrN0hIuRFIBk5lVpAHy+s=",
        "owner": "Zeioth",
        "repo": "heirline-components.nvim",
        "rev": "65ff6844a6d911bd8977a106b761649d7df9a5e1",
        "type": "github"
      },
      "original": {
        "owner": "Zeioth",
        "repo": "heirline-components.nvim",
        "type": "github"
      }
    },
    "hop": {
      "flake": false,
      "locked": {
        "lastModified": 1755878401,
        "narHash": "sha256-gHRKkqAMrQmpPHEWGETj3KG0NqwCnlTT8z/cNmug/Xc=",
        "owner": "smoka7",
        "repo": "hop.nvim",
        "rev": "707049feaca9ae65abb3696eff9aefc7879e66aa",
        "type": "github"
      },
      "original": {
        "owner": "smoka7",
        "repo": "hop.nvim",
        "type": "github"
      }
    },
    "lazydev": {
      "flake": false,
      "locked": {
        "lastModified": 1762423570,
        "narHash": "sha256-1g1PLFR3bc++NimbrRpoOMZyqYWHeX6pDoxsiuoJHus=",
        "owner": "folke",
        "repo": "lazydev.nvim",
        "rev": "5231c62aa83c2f8dc8e7ba957aa77098cda1257d",
        "type": "github"
      },
      "original": {
        "owner": "folke",
        "repo": "lazydev.nvim",
        "type": "github"
      }
    },
    "lspconfig": {
      "flake": false,
      "locked": {
        "lastModified": 1770245087,
        "narHash": "sha256-OldwlRgCaH7S2vDC9WEvnSxok+l4GaBI2in8eZ3tsis=",
        "owner": "neovim",
        "repo": "nvim-lspconfig",
        "rev": "0480b120318ec8bab27b530ffab6ee76a8c4d806",
        "type": "github"
      },
      "original": {
        "owner": "neovim",
        "repo": "nvim-lspconfig",
        "type": "github"
      }
    },
    "mini-ai": {
      "flake": false,
      "locked": {
        "lastModified": 1768672839,
        "narHash": "sha256-Ehib6aeth855q4DKgdVxDXZ+Cgp0qFBa5Nr7E0LogcU=",
        "owner": "nvim-mini",
        "repo": "mini.ai",
        "rev": "9eae720f2b20f6ad28cbfa0ddc524e10dc2c3201",
        "type": "github"
      },
      "original": {
        "owner": "nvim-mini",
        "repo": "mini.ai",
        "type": "github"
      }
    },
    "mini-move": {
      "flake": false,
      "locked": {
        "lastModified": 1762188608,
        "narHash": "sha256-ZW/ZcsPoOwe8l7VQIR7I43MT55r34X1SJHpcYl1TqUI=",
        "owner": "nvim-mini",
        "repo": "mini.move",
        "rev": "4d214202d71e0a4066b6288176bbe88f268f9777",
        "type": "github"
      },
      "original": {
        "owner": "nvim-mini",
        "repo": "mini.move",
        "type": "github"
      }
    },
    "neogit": {
      "flake": false,
      "locked": {
        "lastModified": 1767951279,
        "narHash": "sha256-umqGyXNqS7qDwl8qZrbv+pNMZhO9sI/0uWxteVBgtNo=",
        "owner": "sotte",
        "repo": "neogit",
        "rev": "f6664d4bc73bec65c0ec0df49f1873061dff08b0",
        "type": "github"
      },
      "original": {
        "owner": "sotte",
        "ref": "support-vscode-diff",
        "repo": "neogit",
        "type": "github"
      }
    },
    "neovim": {
      "inputs": {
        "flake-parts": "flake-parts",
        "neovim-src": "neovim-src",
        "nixpkgs": [
          "nixpkgs-unstable"
        ]
      },
      "locked": {
        "lastModified": 1770422685,
        "narHash": "sha256-iiYLm2JrIPtahwOEv+0/dFnkKziiJQectkGvdJxFnT0=",
        "owner": "nix-community",
        "repo": "neovim-nightly-overlay",
        "rev": "f64796929ddee4ba1159ea5d1ab6b1bfc1d523e9",
        "type": "github"
      },
      "original": {
        "owner": "nix-community",
        "repo": "neovim-nightly-overlay",
        "type": "github"
      }
    },
    "neovim-src": {
      "flake": false,
      "locked": {
        "lastModified": 1770402523,
        "narHash": "sha256-BuljN+J1f1vVRUV1FqOwhHUdp+V2VX150JsSORiN9gA=",
        "owner": "neovim",
        "repo": "neovim",
        "rev": "7720e52a0b4aa973540934ab6dcf4703dbde3b9f",
        "type": "github"
      },
      "original": {
        "owner": "neovim",
        "repo": "neovim",
        "type": "github"
      }
    },
    "nixCats": {
      "locked": {
        "lastModified": 1769578476,
        "narHash": "sha256-4+KbiBcC6hQ3sh0UbPXjy6TOfLh9yhskRlfPzyZ2FH4=",
        "owner": "BirdeeHub",
        "repo": "nixCats-nvim",
        "rev": "48f8be4bdafccfa19ceaaf08071a15eca36fdb1d",
        "type": "github"
      },
      "original": {
        "owner": "BirdeeHub",
        "repo": "nixCats-nvim",
        "type": "github"
      }
    },
    "nixpkgs": {
      "locked": {
        "lastModified": 1767313136,
        "narHash": "sha256-16KkgfdYqjaeRGBaYsNrhPRRENs0qzkQVUooNHtoy2w=",
        "owner": "nixos",
        "repo": "nixpkgs",
        "rev": "ac62194c3917d5f474c1a844b6fd6da2db95077d",
        "type": "github"
      },
      "original": {
        "owner": "nixos",
        "ref": "nixos-25.05",
        "repo": "nixpkgs",
        "type": "github"
      }
    },
    "nixpkgs-unstable": {
      "locked": {
        "lastModified": 1770380644,
        "narHash": "sha256-P7dWMHRUWG5m4G+06jDyThXO7kwSk46C1kgjEWcybkE=",
        "owner": "nixos",
        "repo": "nixpkgs",
        "rev": "ae67888ff7ef9dff69b3cf0cc0fbfbcd3a722abe",
        "type": "github"
      },
      "original": {
        "owner": "nixos",
        "ref": "nixpkgs-unstable",
        "repo": "nixpkgs",
        "type": "github"
      }
    },
    "noice": {
      "flake": false,
      "locked": {
        "lastModified": 1762187624,
        "narHash": "sha256-FKzhFVmPxshDV4mWpD3LofjRpd6pXesf9QQei1s5rAo=",
        "owner": "folke",
        "repo": "noice.nvim",
        "rev": "7bfd942445fb63089b59f97ca487d605e715f155",
        "type": "github"
      },
      "original": {
        "owner": "folke",
        "repo": "noice.nvim",
        "type": "github"
      }
    },
    "nui": {
      "flake": false,
      "locked": {
        "lastModified": 1749392788,
        "narHash": "sha256-41slmnvt1z7sCxvpiVuFmQ9g7eCaxQi1dDCL3AxSL1A=",
        "owner": "MunifTanjim",
        "repo": "nui.nvim",
        "rev": "de740991c12411b663994b2860f1a4fd0937c130",
        "type": "github"
      },
      "original": {
        "owner": "MunifTanjim",
        "repo": "nui.nvim",
        "type": "github"
      }
    },
    "nvim-surround": {
      "flake": false,
      "locked": {
        "lastModified": 1765727274,
        "narHash": "sha256-IzJ9PWUeEw52Gs5nCH3zAUBbar3Wq6PCN+Rt6HKC1pc=",
        "owner": "kylechui",
        "repo": "nvim-surround",
        "rev": "1098d7b3c34adcfa7feb3289ee434529abd4afd1",
        "type": "github"
      },
      "original": {
        "owner": "kylechui",
        "repo": "nvim-surround",
        "type": "github"
      }
    },
    "nvim-treesitter-endwise": {
      "flake": false,
      "locked": {
        "lastModified": 1767007663,
        "narHash": "sha256-5l2XF8/sk94IWAauP1VDh4ylLcR5gXnoWCT01TjmHBc=",
        "owner": "RRethy",
        "repo": "nvim-treesitter-endwise",
        "rev": "8fe8a95630f4f2c72a87ba1927af649e0bfaa244",
        "type": "github"
      },
      "original": {
        "owner": "RRethy",
        "repo": "nvim-treesitter-endwise",
        "type": "github"
      }
    },
    "nvim-treesitter-textobjects": {
      "flake": false,
      "locked": {
        "lastModified": 1769600306,
        "narHash": "sha256-J3D+nbalJqZ4aeFBD7veW6TuI0BEU2jbx5pMEew4dkA=",
        "owner": "nvim-treesitter",
        "repo": "nvim-treesitter-textobjects",
        "rev": "a0e182ae21fda68c59d1f36c9ed45600aef50311",
        "type": "github"
      },
      "original": {
        "owner": "nvim-treesitter",
        "repo": "nvim-treesitter-textobjects",
        "type": "github"
      }
    },
    "nvim-web-devicons": {
      "flake": false,
      "locked": {
        "lastModified": 1770191286,
        "narHash": "sha256-jXWBPcfLwSkWQ/eRbxVDWC7kFOODSsCRmzC3rHKQLhQ=",
        "owner": "nvim-tree",
        "repo": "nvim-web-devicons",
        "rev": "746ffbb17975ebd6c40142362eee1b0249969c5c",
        "type": "github"
      },
      "original": {
        "owner": "nvim-tree",
        "repo": "nvim-web-devicons",
        "type": "github"
      }
    },
    "oil": {
      "flake": false,
      "locked": {
        "lastModified": 1768626079,
        "narHash": "sha256-eMruZSMi72A74LqtSsyJSI3WY595aKO9n2XxJ3Du/9Y=",
        "owner": "stevearc",
        "repo": "oil.nvim",
        "rev": "f55b25e493a7df76371cfadd0ded5004cb9cd48a",
        "type": "github"
      },
      "original": {
        "owner": "stevearc",
        "repo": "oil.nvim",
        "type": "github"
      }
    },
    "oil-vcs": {
      "flake": false,
      "locked": {
        "lastModified": 1769821979,
        "narHash": "sha256-UM8ihEj5KCKSKFrTPZnQAvOmbQDMiA1pR3tBRfKdl2c=",
        "owner": "spreadprism",
        "repo": "oil-vcs",
        "rev": "792ab01c5d137188b5a5bb9bf99a026fa8faa600",
        "type": "github"
      },
      "original": {
        "owner": "spreadprism",
        "repo": "oil-vcs",
        "type": "github"
      }
    },
    "plugins": {
      "inputs": {
        "blame": "blame",
        "blink-cmp-conventional-commits": "blink-cmp-conventional-commits",
        "blink-cmp-git": "blink-cmp-git",
        "blink-compat": "blink-compat",
        "conform": "conform",
        "gitsigns": "gitsigns",
        "heirline": "heirline",
        "heirline-components": "heirline-components",
        "hop": "hop",
        "lazydev": "lazydev",
        "lspconfig": "lspconfig",
        "mini-ai": "mini-ai",
        "mini-move": "mini-move",
        "neogit": "neogit",
        "nixpkgs": [
          "nixpkgs-unstable"
        ],
        "noice": "noice",
        "nui": "nui",
        "nvim-surround": "nvim-surround",
        "nvim-treesitter-endwise": "nvim-treesitter-endwise",
        "nvim-treesitter-textobjects": "nvim-treesitter-textobjects",
        "nvim-web-devicons": "nvim-web-devicons",
        "oil": "oil",
        "oil-vcs": "oil-vcs",
        "snacks": "snacks",
        "tabout": "tabout",
        "tmux-navigation": "tmux-navigation",
        "tokyonight": "tokyonight",
        "treesitter-context": "treesitter-context",
        "which-key": "which-key"
      },
      "locked": {
        "path": "nix/plugins",
        "type": "path"
      },
      "original": {
        "path": "nix/plugins",
        "type": "path"
      },
      "parent": []
    },
    "root": {
      "inputs": {
        "neovim": "neovim",
        "nixCats": "nixCats",
        "nixpkgs": "nixpkgs",
        "nixpkgs-unstable": "nixpkgs-unstable",
        "plugins": "plugins"
      }
    },
    "snacks": {
      "flake": false,
      "locked": {
        "lastModified": 1763464072,
        "narHash": "sha256-vRedYg29QGPGW0hOX9qbRSIImh1d/SoDZHImDF2oqKM=",
        "owner": "folke",
        "repo": "snacks.nvim",
        "rev": "fe7cfe9800a182274d0f868a74b7263b8c0c020b",
        "type": "github"
      },
      "original": {
        "owner": "folke",
        "repo": "snacks.nvim",
        "type": "github"
      }
    },
    "tabout": {
      "flake": false,
      "locked": {
        "lastModified": 1733826970,
        "narHash": "sha256-5T/nefCPCR2K1vySTG0vzh5+6weHinBLahPBL37+VtY=",
        "owner": "abecodes",
        "repo": "tabout.nvim",
        "rev": "9a3499480a8e53dcaa665e2836f287e3b7764009",
        "type": "github"
      },
      "original": {
        "owner": "abecodes",
        "repo": "tabout.nvim",
        "type": "github"
      }
    },
    "tmux-navigation": {
      "flake": false,
      "locked": {
        "lastModified": 1769370258,
        "narHash": "sha256-efqiRffnidYx+qjgsHyWshCFWgZp/ZrHl+Clt04pfpM=",
        "owner": "christoomey",
        "repo": "vim-tmux-navigator",
        "rev": "e41c431a0c7b7388ae7ba341f01a0d217eb3a432",
        "type": "github"
      },
      "original": {
        "owner": "christoomey",
        "repo": "vim-tmux-navigator",
        "type": "github"
      }
    },
    "tokyonight": {
      "flake": false,
      "locked": {
        "lastModified": 1762332530,
        "narHash": "sha256-4zfkv3egdWJ/GCWUehV0MAIXxsrGT82Wd1Qqj1SCGOk=",
        "owner": "folke",
        "repo": "tokyonight.nvim",
        "rev": "5da1b76e64daf4c5d410f06bcb6b9cb640da7dfd",
        "type": "github"
      },
      "original": {
        "owner": "folke",
        "repo": "tokyonight.nvim",
        "type": "github"
      }
    },
    "treesitter-context": {
      "flake": false,
      "locked": {
        "lastModified": 1765030629,
        "narHash": "sha256-3NtwOA9d2ezLoo7qnzKAr6gwEdcpUqLc7ou4QI+9rDY=",
        "owner": "nvim-treesitter",
        "repo": "nvim-treesitter-context",
        "rev": "64dd4cf3f6fd0ab17622c5ce15c91fc539c3f24a",
        "type": "github"
      },
      "original": {
        "owner": "nvim-treesitter",
        "repo": "nvim-treesitter-context",
        "type": "github"
      }
    },
    "which-key": {
      "flake": false,
      "locked": {
        "lastModified": 1761664528,
        "narHash": "sha256-rKaYnXM4gRkkF/+xIFm2oCZwtAU6CeTdRWU93N+Jmbc=",
        "owner": "folke",
        "repo": "which-key.nvim",
        "rev": "3aab2147e74890957785941f0c1ad87d0a44c15a",
        "type": "github"
      },
      "original": {
        "owner": "folke",
        "repo": "which-key.nvim",
        "type": "github"
      }
    }
  },
  "root": "root",
  "version": 7
}
